<?xml version="1.0" encoding="utf-8"?>
<Project ToolsVersion="4.0" xmlns="http://schemas.microsoft.com/developer/msbuild/2003">
  <ItemGroup>
    <Filter Include="Source Files">
      <UniqueIdentifier>{57c58958-7c03-4928-acab-c722cd106417}</UniqueIdentifier>
      <Extensions>cpp;c;cxx;rc;def;r;odl;idl;hpj;bat</Extensions>
    </Filter>
    <Filter Include="Header Files">
      <UniqueIdentifier>{9b14f89f-72ca-42f1-a5b8-f305d118901b}</UniqueIdentifier>
      <Extensions>h;hpp;hxx;hm;inl</Extensions>
    </Filter>
  </ItemGroup>
  <ItemGroup>
    <ClInclude Include="..\src\pxtnWoice.h">
      <Filter>Header Files</Filter>
    </ClInclude>
    <ClInclude Include="..\src\pxtoneNoise.h">
      <Filter>Header Files</Filter>
    </ClInclude>
    <ClInclude Include="..\src\pxtn.h">
      <Filter>Header Files</Filter>
    </ClInclude>
    <ClInclude Include="..\src\pxtnDelay.h">
      <Filter>Header Files</Filter>
    </ClInclude>
    <ClInclude Include="..\src\pxtnDescriptor.h">
      <Filter>Header Files</Filter>
    </ClInclude>
    <ClInclude Include="..\src\pxtnError.h">
      <Filter>Header Files</Filter>
    </ClInclude>
    <ClInclude Include="..\src\pxtnEvelist.h">
      <Filter>Header Files</Filter>
    </ClInclude>
    <ClInclude Include="..\src\pxtnMaster.h">
      <Filter>Header Files</Filter>
    </ClInclude>
    <ClInclude Include="..\src\pxtnMax.h">
      <Filter>Header Files</Filter>
    </ClInclude>
    <ClInclude Include="..\src\pxtnMem.h">
      <Filter>Header Files</Filter>
    </ClInclude>
    <ClInclude Include="..\src\pxtnOverDrive.h">
      <Filter>Header Files</Filter>
    </ClInclude>
    <ClInclude Include="..\src\pxtnPulse_Frequency.h">
      <Filter>Header Files</Filter>
    </ClInclude>
    <ClInclude Include="..\src\pxtnPulse_Noise.h">
      <Filter>Header Files</Filter>
    </ClInclude>
    <ClInclude Include="..\src\pxtnPulse_NoiseBuilder.h">
      <Filter>Header Files</Filter>
    </ClInclude>
    <ClInclude Include="..\src\pxtnPulse_Oggv.h">
      <Filter>Header Files</Filter>
    </ClInclude>
    <ClInclude Include="..\src\pxtnPulse_Oscillator.h">
      <Filter>Header Files</Filter>
    </ClInclude>
    <ClInclude Include="..\src\pxtnPulse_PCM.h">
      <Filter>Header Files</Filter>
    </ClInclude>
    <ClInclude Include="..\src\pxtnService.h">
      <Filter>Header Files</Filter>
    </ClInclude>
    <ClInclude Include="..\src\pxtnText.h">
      <Filter>Header Files</Filter>
    </ClInclude>
    <ClInclude Include="..\src\pxtnUnit.h">
      <Filter>Header Files</Filter>
    </ClInclude>
  </ItemGroup>
  <ItemGroup>
    <ClCompile Include="..\src\pxtnDelay.cpp">
      <Filter>Source Files</Filter>
    </ClCompile>
    <ClCompile Include="..\src\pxtnDescriptor.cpp">
      <Filter>Source Files</Filter>
    </ClCompile>
    <ClCompile Include="..\src\pxtnError.cpp">
      <Filter>Source Files</Filter>
    </ClCompile>
    <ClCompile Include="..\src\pxtnEvelist.cpp">
      <Filter>Source Files</Filter>
    </ClCompile>
    <ClCompile Include="..\src\pxtnMaster.cpp">
      <Filter>Source Files</Filter>
    </ClCompile>
    <ClCompile Include="..\src\pxtnMem.cpp">
      <Filter>Source Files</Filter>
    </ClCompile>
    <ClCompile Include="..\src\pxtnOverDrive.cpp">
      <Filter>Source Files</Filter>
    </ClCompile>
    <ClCompile Include="..\src\pxtnPulse_Frequency.cpp">
      <Filter>Source Files</Filter>
    </ClCompile>
    <ClCompile Include="..\src\pxtnPulse_Noise.cpp">
      <Filter>Source Files</Filter>
    </ClCompile>
    <ClCompile Include="..\src\pxtnPulse_NoiseBuilder.cpp">
      <Filter>Source Files</Filter>
    </ClCompile>
    <ClCompile Include="..\src\pxtnPulse_Oggv.cpp">
      <Filter>Source Files</Filter>
    </ClCompile>
    <ClCompile Include="..\src\pxtnPulse_Oscillator.cpp">
      <Filter>Source Files</Filter>
    </ClCompile>
    <ClCompile Include="..\src\pxtnPulse_PCM.cpp">
      <Filter>Source Files</Filter>
    </ClCompile>
    <ClCompile Include="..\src\pxtnService.cpp">
      <Filter>Source Files</Filter>
    </ClCompile>
    <ClCompile Include="..\src\pxtnService_moo.cpp">
      <Filter>Source Files</Filter>
    </ClCompile>
    <ClCompile Include="..\src\pxtnText.cpp">
      <Filter>Source Files</Filter>
    </ClCompile>
    <ClCompile Include="..\src\pxtnUnit.cpp">
      <Filter>Source Files</Filter>
    </ClCompile>
    <ClCompile Include="..\src\pxtnWoice.cpp">
      <Filter>Source Files</Filter>
    </ClCompile>
    <ClCompile Include="..\src\pxtnWoice_io.cpp">
      <Filter>Source Files</Filter>
    </ClCompile>
    <ClCompile Include="..\src\pxtnWoicePTV.cpp">
      <Filter>Source Files</Filter>
    </ClCompile>
    <ClCompile Include="..\src\pxtoneNoise.cpp">
      <Filter>Source Files</Filter>
    </ClCompile>
    <ClCompile Include="..\src\Pxtone.cpp">
      <Filter>Source Files</Filter>
    </ClCompile>
  </ItemGroup>
</Project>